
Microsoft Visual Studio Solution File, Format Version 12.00
# Visual Studio Version 16
VisualStudioVersion = 16.0.30204.135
MinimumVisualStudioVersion = 15.0.26124.0
Project("{FAE04EC0-301F-11D3-BF4B-00C04F79EFBC}") = "apiProj", "apiProj\apiProj.csproj", "{A354D10F-1E05-4607-8DBF-AF785DBA34DD}"
EndProject
Global
	GlobalSection(SolutionConfigurationPlatforms) = preSolution
		Debug|Any CPU = Debug|Any CPU
		Debug|x64 = Debug|x64
		Debug|x86 = Debug|x86
		Release|Any CPU = Release|Any CPU
		Release|x64 = Release|x64
		Release|x86 = Release|x86
	EndGlobalSection
	GlobalSection(ProjectConfigurationPlatforms) = postSolution
		{A354D10F-1E05-4607-8DBF-AF785DBA34DD}.Debug|Any CPU.ActiveCfg = Debug|Any CPU
		{A354D10F-1E05-4607-8DBF-AF785DBA34DD}.Debug|Any CPU.Build.0 = Debug|Any CPU
		{A354D10F-1E05-4607-8DBF-AF785DBA34DD}.Debug|x64.ActiveCfg = Debug|Any CPU
		{A354D10F-1E05-4607-8DBF-AF785DBA34DD}.Debug|x64.Build.0 = Debug|Any CPU
		{A354D10F-1E05-4607-8DBF-AF785DBA34DD}.Debug|x86.ActiveCfg = Debug|Any CPU
		{A354D10F-1E05-4607-8DBF-AF785DBA34DD}.Debug|x86.Build.0 = Debug|Any CPU
		{A354D10F-1E05-4607-8DBF-AF785DBA34DD}.Release|Any CPU.ActiveCfg = Release|Any CPU
		{A354D10F-1E05-4607-8DBF-AF785DBA34DD}.Release|Any CPU.Build.0 = Release|Any CPU
		{A354D10F-1E05-4607-8DBF-AF785DBA34DD}.Release|x64.ActiveCfg = Release|Any CPU
		{A354D10F-1E05-4607-8DBF-AF785DBA34DD}.Release|x64.Build.0 = Release|Any CPU
		{A354D10F-1E05-4607-8DBF-AF785DBA34DD}.Release|x86.ActiveCfg = Release|Any CPU
		{A354D10F-1E05-4607-8DBF-AF785DBA34DD}.Release|x86.Build.0 = Release|Any CPU
	EndGlobalSection
	GlobalSection(SolutionProperties) = preSolution
		HideSolutionNode = FALSE
	EndGlobalSection
	GlobalSection(ExtensibilityGlobals) = postSolution
		SolutionGuid = {5B9F65EE-56F2-472C-AC22-8F37FF3B0270}
	EndGlobalSection
EndGlobal
